
Microsoft Visual Studio Solution File, Format Version 11.00
# Visual Studio 2010
Project("{FAE04EC0-301F-11D3-BF4B-00C04F79EFBC}") = "OrderedJobs", "OrderedJobs\OrderedJobs.csproj", "{935173FA-D4E7-40ED-9605-DF3681E40D30}"
EndProject
Project("{FAE04EC0-301F-11D3-BF4B-00C04F79EFBC}") = "OrderedJobs.Tests", "OrderedJobs.Tests\OrderedJobs.Tests.csproj", "{5F699334-8109-431A-A775-4C9630C3C833}"
EndProject
Global
	GlobalSection(SolutionConfigurationPlatforms) = preSolution
		Debug|Any CPU = Debug|Any CPU
		Release|Any CPU = Release|Any CPU
	EndGlobalSection
	GlobalSection(ProjectConfigurationPlatforms) = postSolution
		{935173FA-D4E7-40ED-9605-DF3681E40D30}.Debug|Any CPU.ActiveCfg = Debug|Any CPU
		{935173FA-D4E7-40ED-9605-DF3681E40D30}.Debug|Any CPU.Build.0 = Debug|Any CPU
		{935173FA-D4E7-40ED-9605-DF3681E40D30}.Release|Any CPU.ActiveCfg = Release|Any CPU
		{935173FA-D4E7-40ED-9605-DF3681E40D30}.Release|Any CPU.Build.0 = Release|Any CPU
		{5F699334-8109-431A-A775-4C9630C3C833}.Debug|Any CPU.ActiveCfg = Debug|Any CPU
		{5F699334-8109-431A-A775-4C9630C3C833}.Debug|Any CPU.Build.0 = Debug|Any CPU
		{5F699334-8109-431A-A775-4C9630C3C833}.Release|Any CPU.ActiveCfg = Release|Any CPU
		{5F699334-8109-431A-A775-4C9630C3C833}.Release|Any CPU.Build.0 = Release|Any CPU
	EndGlobalSection
	GlobalSection(SolutionProperties) = preSolution
		HideSolutionNode = FALSE
	EndGlobalSection
EndGlobal
